// !$*UTF8*$!
{
	archiveVersion = 1;
	classes = {
	};
	objectVersion = 51;
	objects = {

/* Begin PBXBuildFile section */
		111BD995254F0EE700FBCA3D /* AppDelegate.swift in Sources */ = {isa = PBXBuildFile; fileRef = 111BD994254F0EE700FBCA3D /* AppDelegate.swift */; };
		111BD997254F0EE700FBCA3D /* SceneDelegate.swift in Sources */ = {isa = PBXBuildFile; fileRef = 111BD996254F0EE700FBCA3D /* SceneDelegate.swift */; };
		111BD999254F0EE700FBCA3D /* LoginViewController.swift in Sources */ = {isa = PBXBuildFile; fileRef = 111BD998254F0EE700FBCA3D /* LoginViewController.swift */; };
		111BD99C254F0EE700FBCA3D /* Main.storyboard in Resources */ = {isa = PBXBuildFile; fileRef = 111BD99A254F0EE700FBCA3D /* Main.storyboard */; };
		111BD99E254F0EE800FBCA3D /* Assets.xcassets in Resources */ = {isa = PBXBuildFile; fileRef = 111BD99D254F0EE800FBCA3D /* Assets.xcassets */; };
		111BD9A1254F0EE800FBCA3D /* LaunchScreen.storyboard in Resources */ = {isa = PBXBuildFile; fileRef = 111BD99F254F0EE800FBCA3D /* LaunchScreen.storyboard */; };
		11550A362556CC6C0020B755 /* ProfileViewController.swift in Sources */ = {isa = PBXBuildFile; fileRef = 11550A352556CC6C0020B755 /* ProfileViewController.swift */; };
		11550A392556CC8E0020B755 /* NewsViewController.swift in Sources */ = {isa = PBXBuildFile; fileRef = 11550A382556CC8E0020B755 /* NewsViewController.swift */; };
		11550A3C2556CCAF0020B755 /* CasesViewController.swift in Sources */ = {isa = PBXBuildFile; fileRef = 11550A3B2556CCAF0020B755 /* CasesViewController.swift */; };
		115703C7257C0A2C00AD3F12 /* Articles.swift in Sources */ = {isa = PBXBuildFile; fileRef = 115703C6257C0A2C00AD3F12 /* Articles.swift */; };
		115703CC257D287600AD3F12 /* ImageInfo.swift in Sources */ = {isa = PBXBuildFile; fileRef = 115703CB257D287600AD3F12 /* ImageInfo.swift */; };
		116DEC0225618BA200DE49C8 /* Article.swift in Sources */ = {isa = PBXBuildFile; fileRef = 116DEC0125618BA200DE49C8 /* Article.swift */; };
		116DEC0625618CD000DE49C8 /* Case.swift in Sources */ = {isa = PBXBuildFile; fileRef = 116DEC0525618CD000DE49C8 /* Case.swift */; };
		1177CE3425DC351E00511AEB /* NotificationManager.swift in Sources */ = {isa = PBXBuildFile; fileRef = 1177CE3325DC351E00511AEB /* NotificationManager.swift */; };
		117AAD9025587E4A00D7B9D6 /* NewsCollectionViewCell.swift in Sources */ = {isa = PBXBuildFile; fileRef = 117AAD8F25587E4A00D7B9D6 /* NewsCollectionViewCell.swift */; };
		118AD78825A87B1F0049FBBE /* Localizable.strings in Resources */ = {isa = PBXBuildFile; fileRef = 118AD78A25A87B1F0049FBBE /* Localizable.strings */; };
		11C0FB6125B0C5A200DAD7C3 /* Dependency.swift in Sources */ = {isa = PBXBuildFile; fileRef = 11C0FB6025B0C5A200DAD7C3 /* Dependency.swift */; };
		11C0FB6425B743FC00DAD7C3 /* NightOrDayMode.swift in Sources */ = {isa = PBXBuildFile; fileRef = 11C0FB6325B743FC00DAD7C3 /* NightOrDayMode.swift */; };
		11C0FB6725B9F64B00DAD7C3 /* Manager.swift in Sources */ = {isa = PBXBuildFile; fileRef = 11C0FB6625B9F64B00DAD7C3 /* Manager.swift */; };
		11C7E2EF25C082420079B657 /* Covid19ProgectTests.swift in Sources */ = {isa = PBXBuildFile; fileRef = 11C7E2EE25C082420079B657 /* Covid19ProgectTests.swift */; };
		11C7E2F925C3322A0079B657 /* MVVMStartViewController.swift in Sources */ = {isa = PBXBuildFile; fileRef = 11C7E2F825C332290079B657 /* MVVMStartViewController.swift */; };
		11C864A425AE065800923ED3 /* CheckLoginPassword.swift in Sources */ = {isa = PBXBuildFile; fileRef = 11C864A325AE065800923ED3 /* CheckLoginPassword.swift */; };
		11DA86E0255803C800A6CA73 /* DetailCasesViewController.swift in Sources */ = {isa = PBXBuildFile; fileRef = 11DA86DF255803C800A6CA73 /* DetailCasesViewController.swift */; };
		8B9029E1ED7AC0AA87D4240D /* Pods_Covid19Progect.framework in Frameworks */ = {isa = PBXBuildFile; fileRef = 7BF41A718E3B57BA414D3E62 /* Pods_Covid19Progect.framework */; };
/* End PBXBuildFile section */

/* Begin PBXContainerItemProxy section */
		11C7E2F125C082420079B657 /* PBXContainerItemProxy */ = {
			isa = PBXContainerItemProxy;
			containerPortal = 111BD989254F0EE600FBCA3D /* Project object */;
			proxyType = 1;
			remoteGlobalIDString = 111BD990254F0EE600FBCA3D;
			remoteInfo = Covid19Progect;
		};
/* End PBXContainerItemProxy section */

/* Begin PBXFileReference section */
		111BD991254F0EE700FBCA3D /* Covid19Progect.app */ = {isa = PBXFileReference; explicitFileType = wrapper.application; includeInIndex = 0; path = Covid19Progect.app; sourceTree = BUILT_PRODUCTS_DIR; };
		111BD994254F0EE700FBCA3D /* AppDelegate.swift */ = {isa = PBXFileReference; lastKnownFileType = sourcecode.swift; path = AppDelegate.swift; sourceTree = "<group>"; };
		111BD996254F0EE700FBCA3D /* SceneDelegate.swift */ = {isa = PBXFileReference; lastKnownFileType = sourcecode.swift; path = SceneDelegate.swift; sourceTree = "<group>"; };
		111BD998254F0EE700FBCA3D /* LoginViewController.swift */ = {isa = PBXFileReference; lastKnownFileType = sourcecode.swift; path = LoginViewController.swift; sourceTree = "<group>"; };
		111BD99B254F0EE700FBCA3D /* Base */ = {isa = PBXFileReference; lastKnownFileType = file.storyboard; name = Base; path = Base.lproj/Main.storyboard; sourceTree = "<group>"; };
		111BD99D254F0EE800FBCA3D /* Assets.xcassets */ = {isa = PBXFileReference; lastKnownFileType = folder.assetcatalog; path = Assets.xcassets; sourceTree = "<group>"; };
		111BD9A0254F0EE800FBCA3D /* Base */ = {isa = PBXFileReference; lastKnownFileType = file.storyboard; name = Base; path = Base.lproj/LaunchScreen.storyboard; sourceTree = "<group>"; };
		111BD9A2254F0EE800FBCA3D /* Info.plist */ = {isa = PBXFileReference; lastKnownFileType = text.plist.xml; path = Info.plist; sourceTree = "<group>"; };
		113CBFF225986F1400DF1BC5 /* ru */ = {isa = PBXFileReference; lastKnownFileType = text.plist.strings; name = ru; path = ru.lproj/Main.strings; sourceTree = "<group>"; };
		113CBFF325986F1400DF1BC5 /* ru */ = {isa = PBXFileReference; lastKnownFileType = text.plist.strings; name = ru; path = ru.lproj/LaunchScreen.strings; sourceTree = "<group>"; };
		11550A352556CC6C0020B755 /* ProfileViewController.swift */ = {isa = PBXFileReference; lastKnownFileType = sourcecode.swift; path = ProfileViewController.swift; sourceTree = "<group>"; };
		11550A382556CC8E0020B755 /* NewsViewController.swift */ = {isa = PBXFileReference; lastKnownFileType = sourcecode.swift; path = NewsViewController.swift; sourceTree = "<group>"; };
		11550A3B2556CCAF0020B755 /* CasesViewController.swift */ = {isa = PBXFileReference; lastKnownFileType = sourcecode.swift; path = CasesViewController.swift; sourceTree = "<group>"; };
		115703C6257C0A2C00AD3F12 /* Articles.swift */ = {isa = PBXFileReference; lastKnownFileType = sourcecode.swift; path = Articles.swift; sourceTree = "<group>"; };
		115703CB257D287600AD3F12 /* ImageInfo.swift */ = {isa = PBXFileReference; lastKnownFileType = sourcecode.swift; path = ImageInfo.swift; sourceTree = "<group>"; };
		116DEC0125618BA200DE49C8 /* Article.swift */ = {isa = PBXFileReference; lastKnownFileType = sourcecode.swift; path = Article.swift; sourceTree = "<group>"; };
		116DEC0525618CD000DE49C8 /* Case.swift */ = {isa = PBXFileReference; lastKnownFileType = sourcecode.swift; path = Case.swift; sourceTree = "<group>"; };
		1177CE3325DC351E00511AEB /* NotificationManager.swift */ = {isa = PBXFileReference; lastKnownFileType = sourcecode.swift; path = NotificationManager.swift; sourceTree = "<group>"; };
		117AAD8F25587E4A00D7B9D6 /* NewsCollectionViewCell.swift */ = {isa = PBXFileReference; lastKnownFileType = sourcecode.swift; path = NewsCollectionViewCell.swift; sourceTree = "<group>"; };
		118AD78925A87B1F0049FBBE /* ru */ = {isa = PBXFileReference; lastKnownFileType = text.plist.strings; name = ru; path = ru.lproj/Localizable.strings; sourceTree = "<group>"; };
		118AD78C25A87B260049FBBE /* en */ = {isa = PBXFileReference; lastKnownFileType = text.plist.strings; name = en; path = en.lproj/Localizable.strings; sourceTree = "<group>"; };
		11C0FB6025B0C5A200DAD7C3 /* Dependency.swift */ = {isa = PBXFileReference; lastKnownFileType = sourcecode.swift; path = Dependency.swift; sourceTree = "<group>"; };
		11C0FB6325B743FC00DAD7C3 /* NightOrDayMode.swift */ = {isa = PBXFileReference; lastKnownFileType = sourcecode.swift; path = NightOrDayMode.swift; sourceTree = "<group>"; };
		11C0FB6625B9F64B00DAD7C3 /* Manager.swift */ = {isa = PBXFileReference; lastKnownFileType = sourcecode.swift; path = Manager.swift; sourceTree = "<group>"; };
		11C7E2EC25C082420079B657 /* Covid19ProgectTests.xctest */ = {isa = PBXFileReference; explicitFileType = wrapper.cfbundle; includeInIndex = 0; path = Covid19ProgectTests.xctest; sourceTree = BUILT_PRODUCTS_DIR; };
		11C7E2EE25C082420079B657 /* Covid19ProgectTests.swift */ = {isa = PBXFileReference; lastKnownFileType = sourcecode.swift; path = Covid19ProgectTests.swift; sourceTree = "<group>"; };
		11C7E2F025C082420079B657 /* Info.plist */ = {isa = PBXFileReference; lastKnownFileType = text.plist.xml; path = Info.plist; sourceTree = "<group>"; };
		11C7E2F825C332290079B657 /* MVVMStartViewController.swift */ = {isa = PBXFileReference; lastKnownFileType = sourcecode.swift; path = MVVMStartViewController.swift; sourceTree = "<group>"; };
		11C864A325AE065800923ED3 /* CheckLoginPassword.swift */ = {isa = PBXFileReference; lastKnownFileType = sourcecode.swift; path = CheckLoginPassword.swift; sourceTree = "<group>"; };
		11DA86DF255803C800A6CA73 /* DetailCasesViewController.swift */ = {isa = PBXFileReference; lastKnownFileType = sourcecode.swift; path = DetailCasesViewController.swift; sourceTree = "<group>"; };
		7BF41A718E3B57BA414D3E62 /* Pods_Covid19Progect.framework */ = {isa = PBXFileReference; explicitFileType = wrapper.framework; includeInIndex = 0; path = Pods_Covid19Progect.framework; sourceTree = BUILT_PRODUCTS_DIR; };
		8AAE3C099EE9E3897420D5DF /* Pods-Covid19Progect.release.xcconfig */ = {isa = PBXFileReference; includeInIndex = 1; lastKnownFileType = text.xcconfig; name = "Pods-Covid19Progect.release.xcconfig"; path = "Target Support Files/Pods-Covid19Progect/Pods-Covid19Progect.release.xcconfig"; sourceTree = "<group>"; };
		C0D88C3ACE487DCA47C616D5 /* Pods-Covid19Progect.debug.xcconfig */ = {isa = PBXFileReference; includeInIndex = 1; lastKnownFileType = text.xcconfig; name = "Pods-Covid19Progect.debug.xcconfig"; path = "Target Support Files/Pods-Covid19Progect/Pods-Covid19Progect.debug.xcconfig"; sourceTree = "<group>"; };
/* End PBXFileReference section */

/* Begin PBXFrameworksBuildPhase section */
		111BD98E254F0EE600FBCA3D /* Frameworks */ = {
			isa = PBXFrameworksBuildPhase;
			buildActionMask = 2147483647;
			files = (
				8B9029E1ED7AC0AA87D4240D /* Pods_Covid19Progect.framework in Frameworks */,
			);
			runOnlyForDeploymentPostprocessing = 0;
		};
		11C7E2E925C082420079B657 /* Frameworks */ = {
			isa = PBXFrameworksBuildPhase;
			buildActionMask = 2147483647;
			files = (
			);
			runOnlyForDeploymentPostprocessing = 0;
		};
/* End PBXFrameworksBuildPhase section */

/* Begin PBXGroup section */
		111BD988254F0EE600FBCA3D = {
			isa = PBXGroup;
			children = (
				111BD993254F0EE700FBCA3D /* Covid19Progect */,
				11C7E2ED25C082420079B657 /* Covid19ProgectTests */,
				111BD992254F0EE700FBCA3D /* Products */,
				C9EC67A7EF7E8E199D7113CB /* Pods */,
				D28F46BD1C968F839E0C2BB6 /* Frameworks */,
			);
			sourceTree = "<group>";
		};
		111BD992254F0EE700FBCA3D /* Products */ = {
			isa = PBXGroup;
			children = (
				111BD991254F0EE700FBCA3D /* Covid19Progect.app */,
				11C7E2EC25C082420079B657 /* Covid19ProgectTests.xctest */,
			);
			name = Products;
			sourceTree = "<group>";
		};
		111BD993254F0EE700FBCA3D /* Covid19Progect */ = {
			isa = PBXGroup;
			children = (
				1177CE3225D80F1000511AEB /* Resources */,
				1177CE3125D80EBB00511AEB /* Core */,
				1177CE3025D80E4600511AEB /* Application */,
				116DEBFA2561898000DE49C8 /* LoginView */,
				116DEBFB256189E000DE49C8 /* News */,
				116DEBFC256189F100DE49C8 /* Cases */,
				116DEBFD256189F900DE49C8 /* Profile */,
				116DEC0025618A9200DE49C8 /* Storyboard */,
				111BD99F254F0EE800FBCA3D /* LaunchScreen.storyboard */,
			);
			path = Covid19Progect;
			sourceTree = "<group>";
		};
		116DEBFA2561898000DE49C8 /* LoginView */ = {
			isa = PBXGroup;
			children = (
				111BD998254F0EE700FBCA3D /* LoginViewController.swift */,
				11C864A325AE065800923ED3 /* CheckLoginPassword.swift */,
				1177CE3325DC351E00511AEB /* NotificationManager.swift */,
			);
			path = LoginView;
			sourceTree = "<group>";
		};
		116DEBFB256189E000DE49C8 /* News */ = {
			isa = PBXGroup;
			children = (
				11550A382556CC8E0020B755 /* NewsViewController.swift */,
				117AAD8F25587E4A00D7B9D6 /* NewsCollectionViewCell.swift */,
				116DEC0125618BA200DE49C8 /* Article.swift */,
				115703CB257D287600AD3F12 /* ImageInfo.swift */,
				115703C6257C0A2C00AD3F12 /* Articles.swift */,
			);
			path = News;
			sourceTree = "<group>";
		};
		116DEBFC256189F100DE49C8 /* Cases */ = {
			isa = PBXGroup;
			children = (
				11550A3B2556CCAF0020B755 /* CasesViewController.swift */,
				118AD78A25A87B1F0049FBBE /* Localizable.strings */,
				11DA86DF255803C800A6CA73 /* DetailCasesViewController.swift */,
				116DEC0525618CD000DE49C8 /* Case.swift */,
			);
			path = Cases;
			sourceTree = "<group>";
		};
		116DEBFD256189F900DE49C8 /* Profile */ = {
			isa = PBXGroup;
			children = (
				11550A352556CC6C0020B755 /* ProfileViewController.swift */,
			);
			path = Profile;
			sourceTree = "<group>";
		};
		116DEC0025618A9200DE49C8 /* Storyboard */ = {
			isa = PBXGroup;
			children = (
				111BD99A254F0EE700FBCA3D /* Main.storyboard */,
			);
			path = Storyboard;
			sourceTree = "<group>";
		};
		1177CE3025D80E4600511AEB /* Application */ = {
			isa = PBXGroup;
			children = (
				111BD996254F0EE700FBCA3D /* SceneDelegate.swift */,
				111BD994254F0EE700FBCA3D /* AppDelegate.swift */,
			);
			path = Application;
			sourceTree = "<group>";
		};
		1177CE3125D80EBB00511AEB /* Core */ = {
			isa = PBXGroup;
			children = (
				11C7E2F825C332290079B657 /* MVVMStartViewController.swift */,
				11C0FB6625B9F64B00DAD7C3 /* Manager.swift */,
				11C0FB6325B743FC00DAD7C3 /* NightOrDayMode.swift */,
				11C0FB6025B0C5A200DAD7C3 /* Dependency.swift */,
			);
			path = Core;
			sourceTree = "<group>";
		};
		1177CE3225D80F1000511AEB /* Resources */ = {
			isa = PBXGroup;
			children = (
				111BD9A2254F0EE800FBCA3D /* Info.plist */,
				111BD99D254F0EE800FBCA3D /* Assets.xcassets */,
			);
			path = Resources;
			sourceTree = "<group>";
		};
		11C7E2ED25C082420079B657 /* Covid19ProgectTests */ = {
			isa = PBXGroup;
			children = (
				11C7E2EE25C082420079B657 /* Covid19ProgectTests.swift */,
				11C7E2F025C082420079B657 /* Info.plist */,
			);
			path = Covid19ProgectTests;
			sourceTree = "<group>";
		};
		C9EC67A7EF7E8E199D7113CB /* Pods */ = {
			isa = PBXGroup;
			children = (
				C0D88C3ACE487DCA47C616D5 /* Pods-Covid19Progect.debug.xcconfig */,
				8AAE3C099EE9E3897420D5DF /* Pods-Covid19Progect.release.xcconfig */,
			);
			path = Pods;
			sourceTree = "<group>";
		};
		D28F46BD1C968F839E0C2BB6 /* Frameworks */ = {
			isa = PBXGroup;
			children = (
				7BF41A718E3B57BA414D3E62 /* Pods_Covid19Progect.framework */,
			);
			name = Frameworks;
			sourceTree = "<group>";
		};
/* End PBXGroup section */

/* Begin PBXNativeTarget section */
		111BD990254F0EE600FBCA3D /* Covid19Progect */ = {
			isa = PBXNativeTarget;
			buildConfigurationList = 111BD9A5254F0EE800FBCA3D /* Build configuration list for PBXNativeTarget "Covid19Progect" */;
			buildPhases = (
				07E44F7FB3019E01A539E710 /* [CP] Check Pods Manifest.lock */,
				111BD98D254F0EE600FBCA3D /* Sources */,
				111BD98E254F0EE600FBCA3D /* Frameworks */,
				111BD98F254F0EE600FBCA3D /* Resources */,
				BA817A82C137F8F58B38D31E /* [CP] Embed Pods Frameworks */,
			);
			buildRules = (
			);
			dependencies = (
			);
			name = Covid19Progect;
			productName = Covid19Progect;
			productReference = 111BD991254F0EE700FBCA3D /* Covid19Progect.app */;
			productType = "com.apple.product-type.application";
		};
		11C7E2EB25C082420079B657 /* Covid19ProgectTests */ = {
			isa = PBXNativeTarget;
			buildConfigurationList = 11C7E2F525C082420079B657 /* Build configuration list for PBXNativeTarget "Covid19ProgectTests" */;
			buildPhases = (
				11C7E2E825C082420079B657 /* Sources */,
				11C7E2E925C082420079B657 /* Frameworks */,
				11C7E2EA25C082420079B657 /* Resources */,
			);
			buildRules = (
			);
			dependencies = (
				11C7E2F225C082420079B657 /* PBXTargetDependency */,
			);
			name = Covid19ProgectTests;
			productName = Covid19ProgectTests;
			productReference = 11C7E2EC25C082420079B657 /* Covid19ProgectTests.xctest */;
			productType = "com.apple.product-type.bundle.unit-test";
		};
/* End PBXNativeTarget section */

/* Begin PBXProject section */
		111BD989254F0EE600FBCA3D /* Project object */ = {
			isa = PBXProject;
			attributes = {
				LastSwiftUpdateCheck = 1200;
				LastUpgradeCheck = 1200;
				TargetAttributes = {
					111BD990254F0EE600FBCA3D = {
						CreatedOnToolsVersion = 12.0;
					};
					11C7E2EB25C082420079B657 = {
						CreatedOnToolsVersion = 12.0;
						TestTargetID = 111BD990254F0EE600FBCA3D;
					};
				};
			};
			buildConfigurationList = 111BD98C254F0EE600FBCA3D /* Build configuration list for PBXProject "Covid19Progect" */;
			compatibilityVersion = "Xcode 9.3";
			developmentRegion = en;
			hasScannedForEncodings = 0;
			knownRegions = (
				en,
				Base,
				ru,
			);
			mainGroup = 111BD988254F0EE600FBCA3D;
			productRefGroup = 111BD992254F0EE700FBCA3D /* Products */;
			projectDirPath = "";
			projectRoot = "";
			targets = (
				111BD990254F0EE600FBCA3D /* Covid19Progect */,
				11C7E2EB25C082420079B657 /* Covid19ProgectTests */,
			);
		};
/* End PBXProject section */

/* Begin PBXResourcesBuildPhase section */
		111BD98F254F0EE600FBCA3D /* Resources */ = {
			isa = PBXResourcesBuildPhase;
			buildActionMask = 2147483647;
			files = (
				111BD9A1254F0EE800FBCA3D /* LaunchScreen.storyboard in Resources */,
				118AD78825A87B1F0049FBBE /* Localizable.strings in Resources */,
				111BD99E254F0EE800FBCA3D /* Assets.xcassets in Resources */,
				111BD99C254F0EE700FBCA3D /* Main.storyboard in Resources */,
			);
			runOnlyForDeploymentPostprocessing = 0;
		};
		11C7E2EA25C082420079B657 /* Resources */ = {
			isa = PBXResourcesBuildPhase;
			buildActionMask = 2147483647;
			files = (
			);
			runOnlyForDeploymentPostprocessing = 0;
		};
/* End PBXResourcesBuildPhase section */

/* Begin PBXShellScriptBuildPhase section */
		07E44F7FB3019E01A539E710 /* [CP] Check Pods Manifest.lock */ = {
			isa = PBXShellScriptBuildPhase;
			buildActionMask = 2147483647;
			files = (
			);
			inputFileListPaths = (
			);
			inputPaths = (
				"${PODS_PODFILE_DIR_PATH}/Podfile.lock",
				"${PODS_ROOT}/Manifest.lock",
			);
			name = "[CP] Check Pods Manifest.lock";
			outputFileListPaths = (
			);
			outputPaths = (
				"$(DERIVED_FILE_DIR)/Pods-Covid19Progect-checkManifestLockResult.txt",
			);
			runOnlyForDeploymentPostprocessing = 0;
			shellPath = /bin/sh;
			shellScript = "diff \"${PODS_PODFILE_DIR_PATH}/Podfile.lock\" \"${PODS_ROOT}/Manifest.lock\" > /dev/null\nif [ $? != 0 ] ; then\n    # print error to STDERR\n    echo \"error: The sandbox is not in sync with the Podfile.lock. Run 'pod install' or update your CocoaPods installation.\" >&2\n    exit 1\nfi\n# This output is used by Xcode 'outputs' to avoid re-running this script phase.\necho \"SUCCESS\" > \"${SCRIPT_OUTPUT_FILE_0}\"\n";
			showEnvVarsInLog = 0;
		};
		BA817A82C137F8F58B38D31E /* [CP] Embed Pods Frameworks */ = {
			isa = PBXShellScriptBuildPhase;
			buildActionMask = 2147483647;
			files = (
			);
			inputFileListPaths = (
				"${PODS_ROOT}/Target Support Files/Pods-Covid19Progect/Pods-Covid19Progect-frameworks-${CONFIGURATION}-input-files.xcfilelist",
			);
			name = "[CP] Embed Pods Frameworks";
			outputFileListPaths = (
				"${PODS_ROOT}/Target Support Files/Pods-Covid19Progect/Pods-Covid19Progect-frameworks-${CONFIGURATION}-output-files.xcfilelist",
			);
			runOnlyForDeploymentPostprocessing = 0;
			shellPath = /bin/sh;
			shellScript = "\"${PODS_ROOT}/Target Support Files/Pods-Covid19Progect/Pods-Covid19Progect-frameworks.sh\"\n";
			showEnvVarsInLog = 0;
		};
/* End PBXShellScriptBuildPhase section */

/* Begin PBXSourcesBuildPhase section */
		111BD98D254F0EE600FBCA3D /* Sources */ = {
			isa = PBXSourcesBuildPhase;
			buildActionMask = 2147483647;
			files = (
				11DA86E0255803C800A6CA73 /* DetailCasesViewController.swift in Sources */,
				111BD999254F0EE700FBCA3D /* LoginViewController.swift in Sources */,
				111BD995254F0EE700FBCA3D /* AppDelegate.swift in Sources */,
				11C0FB6725B9F64B00DAD7C3 /* Manager.swift in Sources */,
				117AAD9025587E4A00D7B9D6 /* NewsCollectionViewCell.swift in Sources */,
				11550A362556CC6C0020B755 /* ProfileViewController.swift in Sources */,
				116DEC0625618CD000DE49C8 /* Case.swift in Sources */,
				11550A392556CC8E0020B755 /* NewsViewController.swift in Sources */,
				11550A3C2556CCAF0020B755 /* CasesViewController.swift in Sources */,
				115703CC257D287600AD3F12 /* ImageInfo.swift in Sources */,
				11C864A425AE065800923ED3 /* CheckLoginPassword.swift in Sources */,
				111BD997254F0EE700FBCA3D /* SceneDelegate.swift in Sources */,
				1177CE3425DC351E00511AEB /* NotificationManager.swift in Sources */,
				11C7E2F925C3322A0079B657 /* MVVMStartViewController.swift in Sources */,
				11C0FB6425B743FC00DAD7C3 /* NightOrDayMode.swift in Sources */,
				116DEC0225618BA200DE49C8 /* Article.swift in Sources */,
				11C0FB6125B0C5A200DAD7C3 /* Dependency.swift in Sources */,
				115703C7257C0A2C00AD3F12 /* Articles.swift in Sources */,
			);
			runOnlyForDeploymentPostprocessing = 0;
		};
		11C7E2E825C082420079B657 /* Sources */ = {
			isa = PBXSourcesBuildPhase;
			buildActionMask = 2147483647;
			files = (
				11C7E2EF25C082420079B657 /* Covid19ProgectTests.swift in Sources */,
			);
			runOnlyForDeploymentPostprocessing = 0;
		};
/* End PBXSourcesBuildPhase section */

/* Begin PBXTargetDependency section */
		11C7E2F225C082420079B657 /* PBXTargetDependency */ = {
			isa = PBXTargetDependency;
			target = 111BD990254F0EE600FBCA3D /* Covid19Progect */;
			targetProxy = 11C7E2F125C082420079B657 /* PBXContainerItemProxy */;
		};
/* End PBXTargetDependency section */

/* Begin PBXVariantGroup section */
		111BD99A254F0EE700FBCA3D /* Main.storyboard */ = {
			isa = PBXVariantGroup;
			children = (
				111BD99B254F0EE700FBCA3D /* Base */,
				113CBFF225986F1400DF1BC5 /* ru */,
			);
			name = Main.storyboard;
			sourceTree = "<group>";
		};
		111BD99F254F0EE800FBCA3D /* LaunchScreen.storyboard */ = {
			isa = PBXVariantGroup;
			children = (
				111BD9A0254F0EE800FBCA3D /* Base */,
				113CBFF325986F1400DF1BC5 /* ru */,
			);
			name = LaunchScreen.storyboard;
			sourceTree = "<group>";
		};
		118AD78A25A87B1F0049FBBE /* Localizable.strings */ = {
			isa = PBXVariantGroup;
			children = (
				118AD78925A87B1F0049FBBE /* ru */,
				118AD78C25A87B260049FBBE /* en */,
			);
			name = Localizable.strings;
			sourceTree = "<group>";
		};
/* End PBXVariantGroup section */

/* Begin XCBuildConfiguration section */
		111BD9A3254F0EE800FBCA3D /* Debug */ = {
			isa = XCBuildConfiguration;
			buildSettings = {
				ALWAYS_SEARCH_USER_PATHS = NO;
				CLANG_ANALYZER_LOCALIZABILITY_NONLOCALIZED = YES;
				CLANG_ANALYZER_NONNULL = YES;
				CLANG_ANALYZER_NUMBER_OBJECT_CONVERSION = YES_AGGRESSIVE;
				CLANG_CXX_LANGUAGE_STANDARD = "gnu++14";
				CLANG_CXX_LIBRARY = "libc++";
				CLANG_ENABLE_MODULES = YES;
				CLANG_ENABLE_OBJC_ARC = YES;
				CLANG_ENABLE_OBJC_WEAK = YES;
				CLANG_WARN_BLOCK_CAPTURE_AUTORELEASING = YES;
				CLANG_WARN_BOOL_CONVERSION = YES;
				CLANG_WARN_COMMA = YES;
				CLANG_WARN_CONSTANT_CONVERSION = YES;
				CLANG_WARN_DEPRECATED_OBJC_IMPLEMENTATIONS = YES;
				CLANG_WARN_DIRECT_OBJC_ISA_USAGE = YES_ERROR;
				CLANG_WARN_DOCUMENTATION_COMMENTS = YES;
				CLANG_WARN_EMPTY_BODY = YES;
				CLANG_WARN_ENUM_CONVERSION = YES;
				CLANG_WARN_INFINITE_RECURSION = YES;
				CLANG_WARN_INT_CONVERSION = YES;
				CLANG_WARN_NON_LITERAL_NULL_CONVERSION = YES;
				CLANG_WARN_OBJC_IMPLICIT_RETAIN_SELF = YES;
				CLANG_WARN_OBJC_LITERAL_CONVERSION = YES;
				CLANG_WARN_OBJC_ROOT_CLASS = YES_ERROR;
				CLANG_WARN_QUOTED_INCLUDE_IN_FRAMEWORK_HEADER = YES;
				CLANG_WARN_RANGE_LOOP_ANALYSIS = YES;
				CLANG_WARN_STRICT_PROTOTYPES = YES;
				CLANG_WARN_SUSPICIOUS_MOVE = YES;
				CLANG_WARN_UNGUARDED_AVAILABILITY = YES_AGGRESSIVE;
				CLANG_WARN_UNREACHABLE_CODE = YES;
				CLANG_WARN__DUPLICATE_METHOD_MATCH = YES;
				COPY_PHASE_STRIP = NO;
				DEBUG_INFORMATION_FORMAT = dwarf;
				ENABLE_STRICT_OBJC_MSGSEND = YES;
				ENABLE_TESTABILITY = YES;
				GCC_C_LANGUAGE_STANDARD = gnu11;
				GCC_DYNAMIC_NO_PIC = NO;
				GCC_NO_COMMON_BLOCKS = YES;
				GCC_OPTIMIZATION_LEVEL = 0;
				GCC_PREPROCESSOR_DEFINITIONS = (
					"DEBUG=1",
					"$(inherited)",
				);
				GCC_WARN_64_TO_32_BIT_CONVERSION = YES;
				GCC_WARN_ABOUT_RETURN_TYPE = YES_ERROR;
				GCC_WARN_UNDECLARED_SELECTOR = YES;
				GCC_WARN_UNINITIALIZED_AUTOS = YES_AGGRESSIVE;
				GCC_WARN_UNUSED_FUNCTION = YES;
				GCC_WARN_UNUSED_VARIABLE = YES;
				IPHONEOS_DEPLOYMENT_TARGET = 14.0;
				MTL_ENABLE_DEBUG_INFO = INCLUDE_SOURCE;
				MTL_FAST_MATH = YES;
				ONLY_ACTIVE_ARCH = YES;
				SDKROOT = iphoneos;
				SWIFT_ACTIVE_COMPILATION_CONDITIONS = DEBUG;
				SWIFT_OPTIMIZATION_LEVEL = "-Onone";
			};
			name = Debug;
		};
		111BD9A4254F0EE800FBCA3D /* Release */ = {
			isa = XCBuildConfiguration;
			buildSettings = {
				ALWAYS_SEARCH_USER_PATHS = NO;
				CLANG_ANALYZER_LOCALIZABILITY_NONLOCALIZED = YES;
				CLANG_ANALYZER_NONNULL = YES;
				CLANG_ANALYZER_NUMBER_OBJECT_CONVERSION = YES_AGGRESSIVE;
				CLANG_CXX_LANGUAGE_STANDARD = "gnu++14";
				CLANG_CXX_LIBRARY = "libc++";
				CLANG_ENABLE_MODULES = YES;
				CLANG_ENABLE_OBJC_ARC = YES;
				CLANG_ENABLE_OBJC_WEAK = YES;
				CLANG_WARN_BLOCK_CAPTURE_AUTORELEASING = YES;
				CLANG_WARN_BOOL_CONVERSION = YES;
				CLANG_WARN_COMMA = YES;
				CLANG_WARN_CONSTANT_CONVERSION = YES;
				CLANG_WARN_DEPRECATED_OBJC_IMPLEMENTATIONS = YES;
				CLANG_WARN_DIRECT_OBJC_ISA_USAGE = YES_ERROR;
				CLANG_WARN_DOCUMENTATION_COMMENTS = YES;
				CLANG_WARN_EMPTY_BODY = YES;
				CLANG_WARN_ENUM_CONVERSION = YES;
				CLANG_WARN_INFINITE_RECURSION = YES;
				CLANG_WARN_INT_CONVERSION = YES;
				CLANG_WARN_NON_LITERAL_NULL_CONVERSION = YES;
				CLANG_WARN_OBJC_IMPLICIT_RETAIN_SELF = YES;
				CLANG_WARN_OBJC_LITERAL_CONVERSION = YES;
				CLANG_WARN_OBJC_ROOT_CLASS = YES_ERROR;
				CLANG_WARN_QUOTED_INCLUDE_IN_FRAMEWORK_HEADER = YES;
				CLANG_WARN_RANGE_LOOP_ANALYSIS = YES;
				CLANG_WARN_STRICT_PROTOTYPES = YES;
				CLANG_WARN_SUSPICIOUS_MOVE = YES;
				CLANG_WARN_UNGUARDED_AVAILABILITY = YES_AGGRESSIVE;
				CLANG_WARN_UNREACHABLE_CODE = YES;
				CLANG_WARN__DUPLICATE_METHOD_MATCH = YES;
				COPY_PHASE_STRIP = NO;
				DEBUG_INFORMATION_FORMAT = "dwarf-with-dsym";
				ENABLE_NS_ASSERTIONS = NO;
				ENABLE_STRICT_OBJC_MSGSEND = YES;
				GCC_C_LANGUAGE_STANDARD = gnu11;
				GCC_NO_COMMON_BLOCKS = YES;
				GCC_WARN_64_TO_32_BIT_CONVERSION = YES;
				GCC_WARN_ABOUT_RETURN_TYPE = YES_ERROR;
				GCC_WARN_UNDECLARED_SELECTOR = YES;
				GCC_WARN_UNINITIALIZED_AUTOS = YES_AGGRESSIVE;
				GCC_WARN_UNUSED_FUNCTION = YES;
				GCC_WARN_UNUSED_VARIABLE = YES;
				IPHONEOS_DEPLOYMENT_TARGET = 14.0;
				MTL_ENABLE_DEBUG_INFO = NO;
				MTL_FAST_MATH = YES;
				SDKROOT = iphoneos;
				SWIFT_COMPILATION_MODE = wholemodule;
				SWIFT_OPTIMIZATION_LEVEL = "-O";
				VALIDATE_PRODUCT = YES;
			};
			name = Release;
		};
		111BD9A6254F0EE800FBCA3D /* Debug */ = {
			isa = XCBuildConfiguration;
			baseConfigurationReference = C0D88C3ACE487DCA47C616D5 /* Pods-Covid19Progect.debug.xcconfig */;
			buildSettings = {
				ASSETCATALOG_COMPILER_APPICON_NAME = AppIcon;
				ASSETCATALOG_COMPILER_GLOBAL_ACCENT_COLOR_NAME = AccentColor;
				CODE_SIGN_STYLE = Automatic;
				INFOPLIST_FILE = Covid19Progect/Resources/Info.plist;
				IPHONEOS_DEPLOYMENT_TARGET = 14.0;
				LD_RUNPATH_SEARCH_PATHS = (
					"$(inherited)",
					"@executable_path/Frameworks",
				);
				PRODUCT_BUNDLE_IDENTIFIER = Rita.Covid19Progect;
				PRODUCT_NAME = "$(TARGET_NAME)";
				SWIFT_VERSION = 5.0;
				TARGETED_DEVICE_FAMILY = 1;
			};
			name = Debug;
		};
		111BD9A7254F0EE800FBCA3D /* Release */ = {
			isa = XCBuildConfiguration;
			baseConfigurationReference = 8AAE3C099EE9E3897420D5DF /* Pods-Covid19Progect.release.xcconfig */;
			buildSettings = {
				ASSETCATALOG_COMPILER_APPICON_NAME = AppIcon;
				ASSETCATALOG_COMPILER_GLOBAL_ACCENT_COLOR_NAME = AccentColor;
				CODE_SIGN_STYLE = Automatic;
				INFOPLIST_FILE = Covid19Progect/Resources/Info.plist;
				IPHONEOS_DEPLOYMENT_TARGET = 14.0;
				LD_RUNPATH_SEARCH_PATHS = (
					"$(inherited)",
					"@executable_path/Frameworks",
				);
				PRODUCT_BUNDLE_IDENTIFIER = Rita.Covid19Progect;
				PRODUCT_NAME = "$(TARGET_NAME)";
				SWIFT_VERSION = 5.0;
				TARGETED_DEVICE_FAMILY = 1;
			};
			name = Release;
		};
		11C7E2F325C082420079B657 /* Debug */ = {
			isa = XCBuildConfiguration;
			buildSettings = {
				BUNDLE_LOADER = "$(TEST_HOST)";
				CODE_SIGN_STYLE = Automatic;
				INFOPLIST_FILE = Covid19ProgectTests/Info.plist;
				LD_RUNPATH_SEARCH_PATHS = (
					"$(inherited)",
					"@executable_path/Frameworks",
					"@loader_path/Frameworks",
				);
				PRODUCT_BUNDLE_IDENTIFIER = Rita.Covid19ProgectTests;
				PRODUCT_NAME = "$(TARGET_NAME)";
				SWIFT_VERSION = 5.0;
				TARGETED_DEVICE_FAMILY = "1,2";
				TEST_HOST = "$(BUILT_PRODUCTS_DIR)/Covid19Progect.app/Covid19Progect";
			};
			name = Debug;
		};
		11C7E2F425C082420079B657 /* Release */ = {
			isa = XCBuildConfiguration;
			buildSettings = {
				BUNDLE_LOADER = "$(TEST_HOST)";
				CODE_SIGN_STYLE = Automatic;
				INFOPLIST_FILE = Covid19ProgectTests/Info.plist;
				LD_RUNPATH_SEARCH_PATHS = (
					"$(inherited)",
					"@executable_path/Frameworks",
					"@loader_path/Frameworks",
				);
				PRODUCT_BUNDLE_IDENTIFIER = Rita.Covid19ProgectTests;
				PRODUCT_NAME = "$(TARGET_NAME)";
				SWIFT_VERSION = 5.0;
				TARGETED_DEVICE_FAMILY = "1,2";
				TEST_HOST = "$(BUILT_PRODUCTS_DIR)/Covid19Progect.app/Covid19Progect";
			};
			name = Release;
		};
/* End XCBuildConfiguration section */

/* Begin XCConfigurationList section */
		111BD98C254F0EE600FBCA3D /* Build configuration list for PBXProject "Covid19Progect" */ = {
			isa = XCConfigurationList;
			buildConfigurations = (
				111BD9A3254F0EE800FBCA3D /* Debug */,
				111BD9A4254F0EE800FBCA3D /* Release */,
			);
			defaultConfigurationIsVisible = 0;
			defaultConfigurationName = Release;
		};
		111BD9A5254F0EE800FBCA3D /* Build configuration list for PBXNativeTarget "Covid19Progect" */ = {
			isa = XCConfigurationList;
			buildConfigurations = (
				111BD9A6254F0EE800FBCA3D /* Debug */,
				111BD9A7254F0EE800FBCA3D /* Release */,
			);
			defaultConfigurationIsVisible = 0;
			defaultConfigurationName = Release;
		};
		11C7E2F525C082420079B657 /* Build configuration list for PBXNativeTarget "Covid19ProgectTests" */ = {
			isa = XCConfigurationList;
			buildConfigurations = (
				11C7E2F325C082420079B657 /* Debug */,
				11C7E2F425C082420079B657 /* Release */,
			);
			defaultConfigurationIsVisible = 0;
			defaultConfigurationName = Release;
		};
/* End XCConfigurationList section */
	};
	rootObject = 111BD989254F0EE600FBCA3D /* Project object */;
}
